
Microsoft Visual Studio Solution File, Format Version 12.00
# Visual Studio 15
VisualStudioVersion = 15.0.28307.102
MinimumVisualStudioVersion = 10.0.40219.1
Project("{FAE04EC0-301F-11D3-BF4B-00C04F79EFBC}") = "Framework", "Framework\Framework.csproj", "{B2797479-DBBE-4C90-894D-A67D8A5533C6}"
EndProject
Project("{FAE04EC0-301F-11D3-BF4B-00C04F79EFBC}") = "WebApplication", "WebApplication\WebApplication.csproj", "{CF1FB9DF-71B0-45DB-B9C2-24C9D2ACF439}"
EndProject
Global
	GlobalSection(SolutionConfigurationPlatforms) = preSolution
		Debug|Any CPU = Debug|Any CPU
		Release|Any CPU = Release|Any CPU
	EndGlobalSection
	GlobalSection(ProjectConfigurationPlatforms) = postSolution
		{B2797479-DBBE-4C90-894D-A67D8A5533C6}.Debug|Any CPU.ActiveCfg = Debug|Any CPU
		{B2797479-DBBE-4C90-894D-A67D8A5533C6}.Debug|Any CPU.Build.0 = Debug|Any CPU
		{B2797479-DBBE-4C90-894D-A67D8A5533C6}.Release|Any CPU.ActiveCfg = Release|Any CPU
		{B2797479-DBBE-4C90-894D-A67D8A5533C6}.Release|Any CPU.Build.0 = Release|Any CPU
		{CF1FB9DF-71B0-45DB-B9C2-24C9D2ACF439}.Debug|Any CPU.ActiveCfg = Debug|Any CPU
		{CF1FB9DF-71B0-45DB-B9C2-24C9D2ACF439}.Debug|Any CPU.Build.0 = Debug|Any CPU
		{CF1FB9DF-71B0-45DB-B9C2-24C9D2ACF439}.Release|Any CPU.ActiveCfg = Release|Any CPU
		{CF1FB9DF-71B0-45DB-B9C2-24C9D2ACF439}.Release|Any CPU.Build.0 = Release|Any CPU
	EndGlobalSection
	GlobalSection(SolutionProperties) = preSolution
		HideSolutionNode = FALSE
	EndGlobalSection
	GlobalSection(ExtensibilityGlobals) = postSolution
		SolutionGuid = {DCBBFE79-5DAC-4DE0-A519-B34BC6952924}
	EndGlobalSection
EndGlobal
